
Microsoft Visual Studio Solution File, Format Version 12.00
# Visual Studio 15
VisualStudioVersion = 15.0.27703.2035
MinimumVisualStudioVersion = 10.0.40219.1
Project("{9A19103F-16F7-4668-BE54-9A1E7A4F7556}") = "AspNetCoreTemplate", "AspNetCoreTemplate\AspNetCoreTemplate.csproj", "{11BA453A-B73B-40ED-AC76-DA385528B4B6}"
EndProject
Project("{9A19103F-16F7-4668-BE54-9A1E7A4F7556}") = "AspNetCoreApiTemplate", "AspNetCoreApiTemplate\AspNetCoreApiTemplate.csproj", "{E9F53DDE-E742-4725-BA2D-CFF99E0DA737}"
EndProject
Project("{FAE04EC0-301F-11D3-BF4B-00C04F79EFBC}") = "ReactSample", "ReactSample\ReactSample.csproj", "{BD0FF460-3C58-4405-BE3D-84F76BC7A177}"
EndProject
Global
	GlobalSection(SolutionConfigurationPlatforms) = preSolution
		Debug|Any CPU = Debug|Any CPU
		Release|Any CPU = Release|Any CPU
	EndGlobalSection
	GlobalSection(ProjectConfigurationPlatforms) = postSolution
		{11BA453A-B73B-40ED-AC76-DA385528B4B6}.Debug|Any CPU.ActiveCfg = Debug|Any CPU
		{11BA453A-B73B-40ED-AC76-DA385528B4B6}.Debug|Any CPU.Build.0 = Debug|Any CPU
		{11BA453A-B73B-40ED-AC76-DA385528B4B6}.Release|Any CPU.ActiveCfg = Release|Any CPU
		{11BA453A-B73B-40ED-AC76-DA385528B4B6}.Release|Any CPU.Build.0 = Release|Any CPU
		{E9F53DDE-E742-4725-BA2D-CFF99E0DA737}.Debug|Any CPU.ActiveCfg = Debug|Any CPU
		{E9F53DDE-E742-4725-BA2D-CFF99E0DA737}.Debug|Any CPU.Build.0 = Debug|Any CPU
		{E9F53DDE-E742-4725-BA2D-CFF99E0DA737}.Release|Any CPU.ActiveCfg = Release|Any CPU
		{E9F53DDE-E742-4725-BA2D-CFF99E0DA737}.Release|Any CPU.Build.0 = Release|Any CPU
		{BD0FF460-3C58-4405-BE3D-84F76BC7A177}.Debug|Any CPU.ActiveCfg = Debug|Any CPU
		{BD0FF460-3C58-4405-BE3D-84F76BC7A177}.Debug|Any CPU.Build.0 = Debug|Any CPU
		{BD0FF460-3C58-4405-BE3D-84F76BC7A177}.Release|Any CPU.ActiveCfg = Release|Any CPU
		{BD0FF460-3C58-4405-BE3D-84F76BC7A177}.Release|Any CPU.Build.0 = Release|Any CPU
	EndGlobalSection
	GlobalSection(SolutionProperties) = preSolution
		HideSolutionNode = FALSE
	EndGlobalSection
	GlobalSection(ExtensibilityGlobals) = postSolution
		SolutionGuid = {F2CB4E86-0CBB-43BD-8D9C-A3E8C900D94A}
	EndGlobalSection
EndGlobal
